
Microsoft Visual Studio Solution File, Format Version 12.00
# Visual Studio Version 16
VisualStudioVersion = 16.0.31729.503
MinimumVisualStudioVersion = 10.0.40219.1
Project("{FAE04EC0-301F-11D3-BF4B-00C04F79EFBC}") = "Array", "Array.csproj", "{0C7905DC-4F02-4358-BB67-70D8B15F0DE6}"
EndProject
Global
	GlobalSection(SolutionConfigurationPlatforms) = preSolution
		Debug|Any CPU = Debug|Any CPU
		Release|Any CPU = Release|Any CPU
	EndGlobalSection
	GlobalSection(ProjectConfigurationPlatforms) = postSolution
		{0C7905DC-4F02-4358-BB67-70D8B15F0DE6}.Debug|Any CPU.ActiveCfg = Debug|Any CPU
		{0C7905DC-4F02-4358-BB67-70D8B15F0DE6}.Debug|Any CPU.Build.0 = Debug|Any CPU
		{0C7905DC-4F02-4358-BB67-70D8B15F0DE6}.Release|Any CPU.ActiveCfg = Release|Any CPU
		{0C7905DC-4F02-4358-BB67-70D8B15F0DE6}.Release|Any CPU.Build.0 = Release|Any CPU
	EndGlobalSection
	GlobalSection(SolutionProperties) = preSolution
		HideSolutionNode = FALSE
	EndGlobalSection
	GlobalSection(ExtensibilityGlobals) = postSolution
		SolutionGuid = {8252A010-712A-4F6B-9F2B-CECC4AEB1837}
	EndGlobalSection
EndGlobal
